
Microsoft Visual Studio Solution File, Format Version 12.00
# Visual Studio Version 16
VisualStudioVersion = 16.0.31424.327
MinimumVisualStudioVersion = 10.0.40219.1
Project("{FAE04EC0-301F-11D3-BF4B-00C04F79EFBC}") = "sou bankası", "sou bankası\sou bankası.csproj", "{586CB68E-CE49-408B-9CD1-94E914A54C67}"
EndProject
Global
	GlobalSection(SolutionConfigurationPlatforms) = preSolution
		Debug|Any CPU = Debug|Any CPU
		Release|Any CPU = Release|Any CPU
	EndGlobalSection
	GlobalSection(ProjectConfigurationPlatforms) = postSolution
		{586CB68E-CE49-408B-9CD1-94E914A54C67}.Debug|Any CPU.ActiveCfg = Debug|Any CPU
		{586CB68E-CE49-408B-9CD1-94E914A54C67}.Debug|Any CPU.Build.0 = Debug|Any CPU
		{586CB68E-CE49-408B-9CD1-94E914A54C67}.Release|Any CPU.ActiveCfg = Release|Any CPU
		{586CB68E-CE49-408B-9CD1-94E914A54C67}.Release|Any CPU.Build.0 = Release|Any CPU
	EndGlobalSection
	GlobalSection(SolutionProperties) = preSolution
		HideSolutionNode = FALSE
	EndGlobalSection
	GlobalSection(ExtensibilityGlobals) = postSolution
		SolutionGuid = {F41C0011-BBCB-4A32-BBE5-E56A6669F10D}
	EndGlobalSection
EndGlobal
